
Microsoft Visual Studio Solution File, Format Version 12.00
# Visual Studio Version 16
VisualStudioVersion = 16.0.31424.327
MinimumVisualStudioVersion = 10.0.40219.1
Project("{FAE04EC0-301F-11D3-BF4B-00C04F79EFBC}") = "Eventures", "Eventures\Eventures.csproj", "{A8B173FA-E2AF-484B-9A70-3D113942DAEB}"
EndProject
Global
	GlobalSection(SolutionConfigurationPlatforms) = preSolution
		Debug|Any CPU = Debug|Any CPU
		Release|Any CPU = Release|Any CPU
	EndGlobalSection
	GlobalSection(ProjectConfigurationPlatforms) = postSolution
		{A8B173FA-E2AF-484B-9A70-3D113942DAEB}.Debug|Any CPU.ActiveCfg = Debug|Any CPU
		{A8B173FA-E2AF-484B-9A70-3D113942DAEB}.Debug|Any CPU.Build.0 = Debug|Any CPU
		{A8B173FA-E2AF-484B-9A70-3D113942DAEB}.Release|Any CPU.ActiveCfg = Release|Any CPU
		{A8B173FA-E2AF-484B-9A70-3D113942DAEB}.Release|Any CPU.Build.0 = Release|Any CPU
	EndGlobalSection
	GlobalSection(SolutionProperties) = preSolution
		HideSolutionNode = FALSE
	EndGlobalSection
	GlobalSection(ExtensibilityGlobals) = postSolution
		SolutionGuid = {FDDEDBAE-3C2A-4AA9-8188-903D35532A6C}
	EndGlobalSection
EndGlobal
